
Microsoft Visual Studio Solution File, Format Version 12.00
# Visual Studio 2012
Project("{FAE04EC0-301F-11D3-BF4B-00C04F79EFBC}") = "TallerXamarin1", "TallerXamarin1\TallerXamarin1.csproj", "{1007B0F6-2680-49C0-B4DB-53164A93DB4B}"
EndProject
Project("{FAE04EC0-301F-11D3-BF4B-00C04F79EFBC}") = "TallerXamarin1.iOS", "iOS\TallerXamarin1.iOS.csproj", "{AA245815-8EE8-4FBF-AB94-791509EF8E09}"
EndProject
Project("{FAE04EC0-301F-11D3-BF4B-00C04F79EFBC}") = "TallerXamarin1.Droid", "Droid\TallerXamarin1.Droid.csproj", "{5694BA52-CAFE-4B7E-8B80-F6B833886BDE}"
EndProject
Global
	GlobalSection(SolutionConfigurationPlatforms) = preSolution
		Debug|Any CPU = Debug|Any CPU
		Release|Any CPU = Release|Any CPU
		Debug|iPhoneSimulator = Debug|iPhoneSimulator
		Release|iPhone = Release|iPhone
		Release|iPhoneSimulator = Release|iPhoneSimulator
		Debug|iPhone = Debug|iPhone
	EndGlobalSection
	GlobalSection(ProjectConfigurationPlatforms) = postSolution
		{1007B0F6-2680-49C0-B4DB-53164A93DB4B}.Debug|Any CPU.ActiveCfg = Debug|Any CPU
		{1007B0F6-2680-49C0-B4DB-53164A93DB4B}.Debug|Any CPU.Build.0 = Debug|Any CPU
		{1007B0F6-2680-49C0-B4DB-53164A93DB4B}.Release|Any CPU.ActiveCfg = Release|Any CPU
		{1007B0F6-2680-49C0-B4DB-53164A93DB4B}.Release|Any CPU.Build.0 = Release|Any CPU
		{1007B0F6-2680-49C0-B4DB-53164A93DB4B}.Debug|iPhoneSimulator.ActiveCfg = Debug|Any CPU
		{1007B0F6-2680-49C0-B4DB-53164A93DB4B}.Debug|iPhoneSimulator.Build.0 = Debug|Any CPU
		{1007B0F6-2680-49C0-B4DB-53164A93DB4B}.Release|iPhone.ActiveCfg = Release|Any CPU
		{1007B0F6-2680-49C0-B4DB-53164A93DB4B}.Release|iPhone.Build.0 = Release|Any CPU
		{1007B0F6-2680-49C0-B4DB-53164A93DB4B}.Release|iPhoneSimulator.ActiveCfg = Release|Any CPU
		{1007B0F6-2680-49C0-B4DB-53164A93DB4B}.Release|iPhoneSimulator.Build.0 = Release|Any CPU
		{1007B0F6-2680-49C0-B4DB-53164A93DB4B}.Debug|iPhone.ActiveCfg = Debug|Any CPU
		{1007B0F6-2680-49C0-B4DB-53164A93DB4B}.Debug|iPhone.Build.0 = Debug|Any CPU
		{AA245815-8EE8-4FBF-AB94-791509EF8E09}.Debug|Any CPU.ActiveCfg = Debug|iPhoneSimulator
		{AA245815-8EE8-4FBF-AB94-791509EF8E09}.Debug|Any CPU.Build.0 = Debug|iPhoneSimulator
		{AA245815-8EE8-4FBF-AB94-791509EF8E09}.Release|Any CPU.ActiveCfg = Release|iPhone
		{AA245815-8EE8-4FBF-AB94-791509EF8E09}.Release|Any CPU.Build.0 = Release|iPhone
		{AA245815-8EE8-4FBF-AB94-791509EF8E09}.Debug|iPhoneSimulator.ActiveCfg = Debug|iPhoneSimulator
		{AA245815-8EE8-4FBF-AB94-791509EF8E09}.Debug|iPhoneSimulator.Build.0 = Debug|iPhoneSimulator
		{AA245815-8EE8-4FBF-AB94-791509EF8E09}.Release|iPhone.ActiveCfg = Release|iPhone
		{AA245815-8EE8-4FBF-AB94-791509EF8E09}.Release|iPhone.Build.0 = Release|iPhone
		{AA245815-8EE8-4FBF-AB94-791509EF8E09}.Release|iPhoneSimulator.ActiveCfg = Release|iPhoneSimulator
		{AA245815-8EE8-4FBF-AB94-791509EF8E09}.Release|iPhoneSimulator.Build.0 = Release|iPhoneSimulator
		{AA245815-8EE8-4FBF-AB94-791509EF8E09}.Debug|iPhone.ActiveCfg = Debug|iPhone
		{AA245815-8EE8-4FBF-AB94-791509EF8E09}.Debug|iPhone.Build.0 = Debug|iPhone
		{5694BA52-CAFE-4B7E-8B80-F6B833886BDE}.Debug|Any CPU.ActiveCfg = Debug|Any CPU
		{5694BA52-CAFE-4B7E-8B80-F6B833886BDE}.Debug|Any CPU.Build.0 = Debug|Any CPU
		{5694BA52-CAFE-4B7E-8B80-F6B833886BDE}.Release|Any CPU.ActiveCfg = Release|Any CPU
		{5694BA52-CAFE-4B7E-8B80-F6B833886BDE}.Release|Any CPU.Build.0 = Release|Any CPU
		{5694BA52-CAFE-4B7E-8B80-F6B833886BDE}.Debug|iPhoneSimulator.ActiveCfg = Debug|Any CPU
		{5694BA52-CAFE-4B7E-8B80-F6B833886BDE}.Debug|iPhoneSimulator.Build.0 = Debug|Any CPU
		{5694BA52-CAFE-4B7E-8B80-F6B833886BDE}.Release|iPhone.ActiveCfg = Release|Any CPU
		{5694BA52-CAFE-4B7E-8B80-F6B833886BDE}.Release|iPhone.Build.0 = Release|Any CPU
		{5694BA52-CAFE-4B7E-8B80-F6B833886BDE}.Release|iPhoneSimulator.ActiveCfg = Release|Any CPU
		{5694BA52-CAFE-4B7E-8B80-F6B833886BDE}.Release|iPhoneSimulator.Build.0 = Release|Any CPU
		{5694BA52-CAFE-4B7E-8B80-F6B833886BDE}.Debug|iPhone.ActiveCfg = Debug|Any CPU
		{5694BA52-CAFE-4B7E-8B80-F6B833886BDE}.Debug|iPhone.Build.0 = Debug|Any CPU
	EndGlobalSection
EndGlobal
